
Microsoft Visual Studio Solution File, Format Version 12.00
# Visual Studio Version 16
VisualStudioVersion = 16.0.30011.22
MinimumVisualStudioVersion = 10.0.40219.1
Project("{FAE04EC0-301F-11D3-BF4B-00C04F79EFBC}") = "Calculator", "Calculator\Calculator.csproj", "{6B6E4EB2-F691-480F-99DB-2210ABA45938}"
EndProject
Project("{FAE04EC0-301F-11D3-BF4B-00C04F79EFBC}") = "CalculatorTests", "CalculatorTests\CalculatorTests.csproj", "{31284647-F0B6-4852-BF38-AEDF1B033BD8}"
EndProject
Global
	GlobalSection(SolutionConfigurationPlatforms) = preSolution
		Debug|Any CPU = Debug|Any CPU
		Release|Any CPU = Release|Any CPU
	EndGlobalSection
	GlobalSection(ProjectConfigurationPlatforms) = postSolution
		{6B6E4EB2-F691-480F-99DB-2210ABA45938}.Debug|Any CPU.ActiveCfg = Debug|Any CPU
		{6B6E4EB2-F691-480F-99DB-2210ABA45938}.Debug|Any CPU.Build.0 = Debug|Any CPU
		{6B6E4EB2-F691-480F-99DB-2210ABA45938}.Release|Any CPU.ActiveCfg = Release|Any CPU
		{6B6E4EB2-F691-480F-99DB-2210ABA45938}.Release|Any CPU.Build.0 = Release|Any CPU
		{31284647-F0B6-4852-BF38-AEDF1B033BD8}.Debug|Any CPU.ActiveCfg = Debug|Any CPU
		{31284647-F0B6-4852-BF38-AEDF1B033BD8}.Debug|Any CPU.Build.0 = Debug|Any CPU
		{31284647-F0B6-4852-BF38-AEDF1B033BD8}.Release|Any CPU.ActiveCfg = Release|Any CPU
		{31284647-F0B6-4852-BF38-AEDF1B033BD8}.Release|Any CPU.Build.0 = Release|Any CPU
	EndGlobalSection
	GlobalSection(SolutionProperties) = preSolution
		HideSolutionNode = FALSE
	EndGlobalSection
	GlobalSection(ExtensibilityGlobals) = postSolution
		SolutionGuid = {F5403004-9DFB-4738-A251-75C4DAF5CEA8}
	EndGlobalSection
EndGlobal
